PODS:
  - Alamofire (5.6.4)
  - "app_settings (3.0.0+1)":
    - Flutter
  - connectivity_plus (0.0.1):
    - Flutter
    - ReachabilitySwift
  - Flutter (1.0.0)
  - flutter_osm_plugin (0.0.1):
    - Alamofire
    - Flutter
    - Polyline
    - Tangram-es
  - geocoding (1.0.5):
    - Flutter
  - geolocator_apple (1.2.0):
    - Flutter
  - google_maps_flutter_ios (0.0.1):
    - Flutter
    - GoogleMaps
  - GoogleMaps (6.2.1):
    - GoogleMaps/Maps (= 6.2.1)
  - GoogleMaps/Base (6.2.1)
  - GoogleMaps/Maps (6.2.1):
    - GoogleMaps/Base
  - location (0.0.1):
    - Flutter
  - MapboxCommon (23.2.1)
  - MapboxCoreMaps (10.10.0):
    - MapboxCommon (~> 23.2)
  - MapboxCoreNavigation (2.10.0):
    - MapboxDirections (~> 2.9.1)
    - MapboxMobileEvents (~> 1.0)
    - MapboxNavigationNative (~> 123.2)
  - MapboxDirections (2.9.1):
    - Polyline (~> 5.0)
    - Turf (~> 2.6.1)
  - MapboxMaps (10.10.1):
    - MapboxCommon (= 23.2.1)
    - MapboxCoreMaps (= 10.10.0)
    - MapboxMobileEvents (= 1.0.10)
    - Turf (~> 2.0)
  - MapboxMobileEvents (1.0.10)
  - MapboxNavigation (2.10.0):
    - MapboxCoreNavigation (= 2.10.0)
    - MapboxMaps (~> 10.10)
    - MapboxMobileEvents (~> 1.0)
    - MapboxSpeech (~> 2.0)
    - Solar-dev (~> 3.0)
  - MapboxNavigationNative (123.3.1):
    - MapboxCommon (~> 23.2)
  - MapboxSpeech (2.1.1)
  - navigation_with_mapbox (0.0.6):
    - Flutter
    - MapboxCoreNavigation (~> 2.7)
    - MapboxNavigation (~> 2.7)
  - permission_handler_apple (9.0.4):
    - Flutter
  - Polyline (5.1.0)
  - ReachabilitySwift (5.0.0)
  - shared_preferences_ios (0.0.1):
    - Flutter
  - Solar-dev (3.0.1)
  - Tangram-es (0.17.1)
  - Turf (2.6.1)
  - url_launcher_ios (0.0.1):
    - Flutter
  - yandex_mapkit (0.0.1):
    - Flutter
    - YandexMapsMobile (= 4.2.2-full)
  - YandexMapsMobile (4.2.2-full)

DEPENDENCIES:
  - app_settings (from `.symlinks/plugins/app_settings/ios`)
  - connectivity_plus (from `.symlinks/plugins/connectivity_plus/ios`)
  - Flutter (from `Flutter`)
  - flutter_osm_plugin (from `.symlinks/plugins/flutter_osm_plugin/ios`)
  - geocoding (from `.symlinks/plugins/geocoding/ios`)
  - geolocator_apple (from `.symlinks/plugins/geolocator_apple/ios`)
  - google_maps_flutter_ios (from `.symlinks/plugins/google_maps_flutter_ios/ios`)
  - location (from `.symlinks/plugins/location/ios`)
  - navigation_with_mapbox (from `.symlinks/plugins/navigation_with_mapbox/ios`)
  - permission_handler_apple (from `.symlinks/plugins/permission_handler_apple/ios`)
  - shared_preferences_ios (from `.symlinks/plugins/shared_preferences_ios/ios`)
  - url_launcher_ios (from `.symlinks/plugins/url_launcher_ios/ios`)
  - yandex_mapkit (from `.symlinks/plugins/yandex_mapkit/ios`)

SPEC REPOS:
  trunk:
    - Alamofire
    - GoogleMaps
    - MapboxCommon
    - MapboxCoreMaps
    - MapboxCoreNavigation
    - MapboxDirections
    - MapboxMaps
    - MapboxMobileEvents
    - MapboxNavigation
    - MapboxNavigationNative
    - MapboxSpeech
    - Polyline
    - ReachabilitySwift
    - Solar-dev
    - Tangram-es
    - Turf
    - YandexMapsMobile

EXTERNAL SOURCES:
  app_settings:
    :path: ".symlinks/plugins/app_settings/ios"
  connectivity_plus:
    :path: ".symlinks/plugins/connectivity_plus/ios"
  Flutter:
    :path: Flutter
  flutter_osm_plugin:
    :path: ".symlinks/plugins/flutter_osm_plugin/ios"
  geocoding:
    :path: ".symlinks/plugins/geocoding/ios"
  geolocator_apple:
    :path: ".symlinks/plugins/geolocator_apple/ios"
  google_maps_flutter_ios:
    :path: ".symlinks/plugins/google_maps_flutter_ios/ios"
  location:
    :path: ".symlinks/plugins/location/ios"
  navigation_with_mapbox:
    :path: ".symlinks/plugins/navigation_with_mapbox/ios"
  permission_handler_apple:
    :path: ".symlinks/plugins/permission_handler_apple/ios"
  shared_preferences_ios:
    :path: ".symlinks/plugins/shared_preferences_ios/ios"
  url_launcher_ios:
    :path: ".symlinks/plugins/url_launcher_ios/ios"
  yandex_mapkit:
    :path: ".symlinks/plugins/yandex_mapkit/ios"

SPEC CHECKSUMS:
  Alamofire: 4e95d97098eacb88856099c4fc79b526a299e48c
  app_settings: d103828c9f5d515c4df9ee754dabd443f7cedcf3
  connectivity_plus: 413a8857dd5d9f1c399a39130850d02fe0feaf7e
  Flutter: f04841e97a9d0b0a8025694d0796dd46242b2854
  flutter_osm_plugin: f06ae1e854af57270c61ae27bdb8a386cfd4afa5
  geocoding: 32cfcdb16d38d907caaba65e2e42ad10d38bee58
  geolocator_apple: cc556e6844d508c95df1e87e3ea6fa4e58c50401
  google_maps_flutter_ios: 66201f392bf62d500f07670a30488a247b9bb5b9
  GoogleMaps: 20d7b12be49a14287f797e88e0e31bc4156aaeb4
  location: 3a2eed4dd2fab25e7b7baf2a9efefe82b512d740
  MapboxCommon: 235bb9c27a8985d982e17f216795b1f7ab526782
  MapboxCoreMaps: 4075a9e415b9b3ab6229d09623fef5f791826a5b
  MapboxCoreNavigation: 2934eedbdee8637c84b8c418ecde5eb32d710ec2
  MapboxDirections: 7bc4a887fd214052c7df5a5ed3f87ea4cbe37e54
  MapboxMaps: 0c2f7722016bc56aa27b5e6bcf72ae4df7a98670
  MapboxMobileEvents: de50b3a4de180dd129c326e09cd12c8adaaa46d6
  MapboxNavigation: e5e91d7dd4c79b151417074575f76647062f78b3
  MapboxNavigationNative: d6da5a4928e5a134bcac26fda9bc2a41e4d0494d
  MapboxSpeech: cd25ef99c3a3d2e0da72620ff558276ea5991a77
  navigation_with_mapbox: a1e2247fa6b32531aa4012d105306ee7afe59029
  permission_handler_apple: 44366e37eaf29454a1e7b1b7d736c2cceaeb17ce
  Polyline: 2a1f29f87f8d9b7de868940f4f76deb8c678a5b1
  ReachabilitySwift: 985039c6f7b23a1da463388634119492ff86c825
  shared_preferences_ios: 548a61f8053b9b8a49ac19c1ffbc8b92c50d68ad
  Solar-dev: 4612dc9878b9fed2667d23b327f1d4e54e16e8d0
  Tangram-es: 628b634f7fc09d2217469b9914de00d9de49ff9d
  Turf: 469ce2c3d22e5e8e4818d5a3b254699a5c89efa4
  url_launcher_ios: 839c58cdb4279282219f5e248c3321761ff3c4de
  yandex_mapkit: 3431f8997d36bc0df753407ef282565c09163766
  YandexMapsMobile: 1fd5f86bc368ad6ba528b199f9477e4a26796567

PODFILE CHECKSUM: 4e8f8b2be68aeea4c0d5beb6ff1e79fface1d048

COCOAPODS: 1.11.3
